
Microsoft Visual Studio Solution File, Format Version 12.00
# Visual Studio Version 16
VisualStudioVersion = 16.0.31129.286
MinimumVisualStudioVersion = 10.0.40219.1
Project("{FAE04EC0-301F-11D3-BF4B-00C04F79EFBC}") = "FigureBulkCreator", "FigureBulkCreator.csproj", "{30512DE7-5362-4B50-A8FE-F844BAF7B59B}"
EndProject
Global
	GlobalSection(SolutionConfigurationPlatforms) = preSolution
		Debug|Any CPU = Debug|Any CPU
		Release|Any CPU = Release|Any CPU
	EndGlobalSection
	GlobalSection(ProjectConfigurationPlatforms) = postSolution
		{30512DE7-5362-4B50-A8FE-F844BAF7B59B}.Debug|Any CPU.ActiveCfg = Debug|Any CPU
		{30512DE7-5362-4B50-A8FE-F844BAF7B59B}.Debug|Any CPU.Build.0 = Debug|Any CPU
		{30512DE7-5362-4B50-A8FE-F844BAF7B59B}.Release|Any CPU.ActiveCfg = Release|Any CPU
		{30512DE7-5362-4B50-A8FE-F844BAF7B59B}.Release|Any CPU.Build.0 = Release|Any CPU
	EndGlobalSection
	GlobalSection(SolutionProperties) = preSolution
		HideSolutionNode = FALSE
	EndGlobalSection
	GlobalSection(ExtensibilityGlobals) = postSolution
		SolutionGuid = {F99AB17E-992A-4BEB-8F23-484E11B34CD5}
	EndGlobalSection
EndGlobal
